// !$*UTF8*$!
{
	archiveVersion = 1;
	classes = {
	};
	objectVersion = 50;
	objects = {

/* Begin PBXBuildFile section */
		3EB1250924310F7C0010C93E /* RecordSettings.swift in Sources */ = {isa = PBXBuildFile; fileRef = 3EB1250824310F7C0010C93E /* RecordSettings.swift */; };
		3EB1250A24310F7C0010C93E /* RecordSettings.swift in Sources */ = {isa = PBXBuildFile; fileRef = 3EB1250824310F7C0010C93E /* RecordSettings.swift */; };
		3EB1250B24310F7C0010C93E /* RecordSettings.swift in Sources */ = {isa = PBXBuildFile; fileRef = 3EB1250824310F7C0010C93E /* RecordSettings.swift */; };
		3EB1250D24311E220010C93E /* StorageManager.swift in Sources */ = {isa = PBXBuildFile; fileRef = 3EB1250C24311E220010C93E /* StorageManager.swift */; };
		3EB1250E24311E220010C93E /* StorageManager.swift in Sources */ = {isa = PBXBuildFile; fileRef = 3EB1250C24311E220010C93E /* StorageManager.swift */; };
		3EB1250F24311E220010C93E /* StorageManager.swift in Sources */ = {isa = PBXBuildFile; fileRef = 3EB1250C24311E220010C93E /* StorageManager.swift */; };
		3EFCB59E242E998900172B73 /* AppDelegate.swift in Sources */ = {isa = PBXBuildFile; fileRef = 3EFCB59D242E998900172B73 /* AppDelegate.swift */; };
		3EFCB5A0242E998900172B73 /* SceneDelegate.swift in Sources */ = {isa = PBXBuildFile; fileRef = 3EFCB59F242E998900172B73 /* SceneDelegate.swift */; };
		3EFCB5A2242E998900172B73 /* ContentView.swift in Sources */ = {isa = PBXBuildFile; fileRef = 3EFCB5A1242E998900172B73 /* ContentView.swift */; };
		3EFCB5A4242E998D00172B73 /* Assets.xcassets in Resources */ = {isa = PBXBuildFile; fileRef = 3EFCB5A3242E998D00172B73 /* Assets.xcassets */; };
		3EFCB5A7242E998D00172B73 /* Preview Assets.xcassets in Resources */ = {isa = PBXBuildFile; fileRef = 3EFCB5A6242E998D00172B73 /* Preview Assets.xcassets */; };
		3EFCB5AA242E998D00172B73 /* LaunchScreen.storyboard in Resources */ = {isa = PBXBuildFile; fileRef = 3EFCB5A8242E998D00172B73 /* LaunchScreen.storyboard */; };
		3EFCB5B5242E998E00172B73 /* AlarmSoundAppTests.swift in Sources */ = {isa = PBXBuildFile; fileRef = 3EFCB5B4242E998E00172B73 /* AlarmSoundAppTests.swift */; };
		3EFCB5C0242E998E00172B73 /* AlarmSoundAppUITests.swift in Sources */ = {isa = PBXBuildFile; fileRef = 3EFCB5BF242E998E00172B73 /* AlarmSoundAppUITests.swift */; };
		3EFCB5CE242F74F900172B73 /* MinutePickerView.swift in Sources */ = {isa = PBXBuildFile; fileRef = 3EFCB5CD242F74F900172B73 /* MinutePickerView.swift */; };
		3EFCB5CF242F74F900172B73 /* MinutePickerView.swift in Sources */ = {isa = PBXBuildFile; fileRef = 3EFCB5CD242F74F900172B73 /* MinutePickerView.swift */; };
		3EFCB5D0242F74F900172B73 /* MinutePickerView.swift in Sources */ = {isa = PBXBuildFile; fileRef = 3EFCB5CD242F74F900172B73 /* MinutePickerView.swift */; };
		3EFCB6202430AC0200172B73 /* AlarmViewModel.swift in Sources */ = {isa = PBXBuildFile; fileRef = 3EFCB61F2430AC0200172B73 /* AlarmViewModel.swift */; };
		3EFCB6212430AC0200172B73 /* AlarmViewModel.swift in Sources */ = {isa = PBXBuildFile; fileRef = 3EFCB61F2430AC0200172B73 /* AlarmViewModel.swift */; };
		3EFCB6222430AC0200172B73 /* AlarmViewModel.swift in Sources */ = {isa = PBXBuildFile; fileRef = 3EFCB61F2430AC0200172B73 /* AlarmViewModel.swift */; };
		3EFCB6242430B08B00172B73 /* SoundManager.swift in Sources */ = {isa = PBXBuildFile; fileRef = 3EFCB6232430B08B00172B73 /* SoundManager.swift */; };
		3EFCB6252430B08B00172B73 /* SoundManager.swift in Sources */ = {isa = PBXBuildFile; fileRef = 3EFCB6232430B08B00172B73 /* SoundManager.swift */; };
		3EFCB6262430B08B00172B73 /* SoundManager.swift in Sources */ = {isa = PBXBuildFile; fileRef = 3EFCB6232430B08B00172B73 /* SoundManager.swift */; };
		3EFCB6282430B39B00172B73 /* AudioPlayer.swift in Sources */ = {isa = PBXBuildFile; fileRef = 3EFCB6272430B39B00172B73 /* AudioPlayer.swift */; };
		3EFCB6292430B39B00172B73 /* AudioPlayer.swift in Sources */ = {isa = PBXBuildFile; fileRef = 3EFCB6272430B39B00172B73 /* AudioPlayer.swift */; };
		3EFCB62A2430B39B00172B73 /* AudioPlayer.swift in Sources */ = {isa = PBXBuildFile; fileRef = 3EFCB6272430B39B00172B73 /* AudioPlayer.swift */; };
		3EFCB62C2430B3A700172B73 /* AudioRecorder.swift in Sources */ = {isa = PBXBuildFile; fileRef = 3EFCB62B2430B3A700172B73 /* AudioRecorder.swift */; };
		3EFCB62D2430B3A700172B73 /* AudioRecorder.swift in Sources */ = {isa = PBXBuildFile; fileRef = 3EFCB62B2430B3A700172B73 /* AudioRecorder.swift */; };
		3EFCB62E2430B3A700172B73 /* AudioRecorder.swift in Sources */ = {isa = PBXBuildFile; fileRef = 3EFCB62B2430B3A700172B73 /* AudioRecorder.swift */; };
		3EFCB63A2430BEED00172B73 /* alarm.m4a in Resources */ = {isa = PBXBuildFile; fileRef = 3EFCB6382430BEED00172B73 /* alarm.m4a */; };
		3EFCB63B2430BEED00172B73 /* alarm.m4a in Resources */ = {isa = PBXBuildFile; fileRef = 3EFCB6382430BEED00172B73 /* alarm.m4a */; };
		3EFCB63C2430BEED00172B73 /* alarm.m4a in Resources */ = {isa = PBXBuildFile; fileRef = 3EFCB6382430BEED00172B73 /* alarm.m4a */; };
		3EFCB63D2430BEED00172B73 /* nature.m4a in Resources */ = {isa = PBXBuildFile; fileRef = 3EFCB6392430BEED00172B73 /* nature.m4a */; };
		3EFCB63E2430BEED00172B73 /* nature.m4a in Resources */ = {isa = PBXBuildFile; fileRef = 3EFCB6392430BEED00172B73 /* nature.m4a */; };
		3EFCB63F2430BEED00172B73 /* nature.m4a in Resources */ = {isa = PBXBuildFile; fileRef = 3EFCB6392430BEED00172B73 /* nature.m4a */; };
		3EFCB6412430ED2700172B73 /* PathManager.swift in Sources */ = {isa = PBXBuildFile; fileRef = 3EFCB6402430ED2600172B73 /* PathManager.swift */; };
		3EFCB6422430ED2700172B73 /* PathManager.swift in Sources */ = {isa = PBXBuildFile; fileRef = 3EFCB6402430ED2600172B73 /* PathManager.swift */; };
		3EFCB6432430ED2700172B73 /* PathManager.swift in Sources */ = {isa = PBXBuildFile; fileRef = 3EFCB6402430ED2600172B73 /* PathManager.swift */; };
/* End PBXBuildFile section */

/* Begin PBXContainerItemProxy section */
		3EFCB5B1242E998D00172B73 /* PBXContainerItemProxy */ = {
			isa = PBXContainerItemProxy;
			containerPortal = 3EFCB592242E998900172B73 /* Project object */;
			proxyType = 1;
			remoteGlobalIDString = 3EFCB599242E998900172B73;
			remoteInfo = AlarmSoundApp;
		};
		3EFCB5BC242E998E00172B73 /* PBXContainerItemProxy */ = {
			isa = PBXContainerItemProxy;
			containerPortal = 3EFCB592242E998900172B73 /* Project object */;
			proxyType = 1;
			remoteGlobalIDString = 3EFCB599242E998900172B73;
			remoteInfo = AlarmSoundApp;
		};
/* End PBXContainerItemProxy section */

/* Begin PBXFileReference section */
		3EB1250824310F7C0010C93E /* RecordSettings.swift */ = {isa = PBXFileReference; lastKnownFileType = sourcecode.swift; path = RecordSettings.swift; sourceTree = "<group>"; };
		3EB1250C24311E220010C93E /* StorageManager.swift */ = {isa = PBXFileReference; lastKnownFileType = sourcecode.swift; path = StorageManager.swift; sourceTree = "<group>"; };
		3EFCB59A242E998900172B73 /* AlarmSoundApp.app */ = {isa = PBXFileReference; explicitFileType = wrapper.application; includeInIndex = 0; path = AlarmSoundApp.app; sourceTree = BUILT_PRODUCTS_DIR; };
		3EFCB59D242E998900172B73 /* AppDelegate.swift */ = {isa = PBXFileReference; lastKnownFileType = sourcecode.swift; path = AppDelegate.swift; sourceTree = "<group>"; };
		3EFCB59F242E998900172B73 /* SceneDelegate.swift */ = {isa = PBXFileReference; lastKnownFileType = sourcecode.swift; path = SceneDelegate.swift; sourceTree = "<group>"; };
		3EFCB5A1242E998900172B73 /* ContentView.swift */ = {isa = PBXFileReference; lastKnownFileType = sourcecode.swift; path = ContentView.swift; sourceTree = "<group>"; };
		3EFCB5A3242E998D00172B73 /* Assets.xcassets */ = {isa = PBXFileReference; lastKnownFileType = folder.assetcatalog; path = Assets.xcassets; sourceTree = "<group>"; };
		3EFCB5A6242E998D00172B73 /* Preview Assets.xcassets */ = {isa = PBXFileReference; lastKnownFileType = folder.assetcatalog; path = "Preview Assets.xcassets"; sourceTree = "<group>"; };
		3EFCB5A9242E998D00172B73 /* Base */ = {isa = PBXFileReference; lastKnownFileType = file.storyboard; name = Base; path = Base.lproj/LaunchScreen.storyboard; sourceTree = "<group>"; };
		3EFCB5AB242E998D00172B73 /* Info.plist */ = {isa = PBXFileReference; lastKnownFileType = text.plist.xml; path = Info.plist; sourceTree = "<group>"; };
		3EFCB5B0242E998D00172B73 /* AlarmSoundAppTests.xctest */ = {isa = PBXFileReference; explicitFileType = wrapper.cfbundle; includeInIndex = 0; path = AlarmSoundAppTests.xctest; sourceTree = BUILT_PRODUCTS_DIR; };
		3EFCB5B4242E998E00172B73 /* AlarmSoundAppTests.swift */ = {isa = PBXFileReference; lastKnownFileType = sourcecode.swift; path = AlarmSoundAppTests.swift; sourceTree = "<group>"; };
		3EFCB5B6242E998E00172B73 /* Info.plist */ = {isa = PBXFileReference; lastKnownFileType = text.plist.xml; path = Info.plist; sourceTree = "<group>"; };
		3EFCB5BB242E998E00172B73 /* AlarmSoundAppUITests.xctest */ = {isa = PBXFileReference; explicitFileType = wrapper.cfbundle; includeInIndex = 0; path = AlarmSoundAppUITests.xctest; sourceTree = BUILT_PRODUCTS_DIR; };
		3EFCB5BF242E998E00172B73 /* AlarmSoundAppUITests.swift */ = {isa = PBXFileReference; lastKnownFileType = sourcecode.swift; path = AlarmSoundAppUITests.swift; sourceTree = "<group>"; };
		3EFCB5C1242E998E00172B73 /* Info.plist */ = {isa = PBXFileReference; lastKnownFileType = text.plist.xml; path = Info.plist; sourceTree = "<group>"; };
		3EFCB5CD242F74F900172B73 /* MinutePickerView.swift */ = {isa = PBXFileReference; lastKnownFileType = sourcecode.swift; path = MinutePickerView.swift; sourceTree = "<group>"; };
		3EFCB61F2430AC0200172B73 /* AlarmViewModel.swift */ = {isa = PBXFileReference; lastKnownFileType = sourcecode.swift; path = AlarmViewModel.swift; sourceTree = "<group>"; };
		3EFCB6232430B08B00172B73 /* SoundManager.swift */ = {isa = PBXFileReference; lastKnownFileType = sourcecode.swift; path = SoundManager.swift; sourceTree = "<group>"; };
		3EFCB6272430B39B00172B73 /* AudioPlayer.swift */ = {isa = PBXFileReference; lastKnownFileType = sourcecode.swift; path = AudioPlayer.swift; sourceTree = "<group>"; };
		3EFCB62B2430B3A700172B73 /* AudioRecorder.swift */ = {isa = PBXFileReference; lastKnownFileType = sourcecode.swift; path = AudioRecorder.swift; sourceTree = "<group>"; };
		3EFCB6382430BEED00172B73 /* alarm.m4a */ = {isa = PBXFileReference; lastKnownFileType = file; path = alarm.m4a; sourceTree = "<group>"; };
		3EFCB6392430BEED00172B73 /* nature.m4a */ = {isa = PBXFileReference; lastKnownFileType = file; path = nature.m4a; sourceTree = "<group>"; };
		3EFCB6402430ED2600172B73 /* PathManager.swift */ = {isa = PBXFileReference; lastKnownFileType = sourcecode.swift; path = PathManager.swift; sourceTree = "<group>"; };
/* End PBXFileReference section */

/* Begin PBXFrameworksBuildPhase section */
		3EFCB597242E998900172B73 /* Frameworks */ = {
			isa = PBXFrameworksBuildPhase;
			buildActionMask = 2147483647;
			files = (
			);
			runOnlyForDeploymentPostprocessing = 0;
		};
		3EFCB5AD242E998D00172B73 /* Frameworks */ = {
			isa = PBXFrameworksBuildPhase;
			buildActionMask = 2147483647;
			files = (
			);
			runOnlyForDeploymentPostprocessing = 0;
		};
		3EFCB5B8242E998E00172B73 /* Frameworks */ = {
			isa = PBXFrameworksBuildPhase;
			buildActionMask = 2147483647;
			files = (
			);
			runOnlyForDeploymentPostprocessing = 0;
		};
/* End PBXFrameworksBuildPhase section */

/* Begin PBXGroup section */
		3EFCB591242E998900172B73 = {
			isa = PBXGroup;
			children = (
				3EFCB59C242E998900172B73 /* AlarmSoundApp */,
				3EFCB5B3242E998E00172B73 /* AlarmSoundAppTests */,
				3EFCB5BE242E998E00172B73 /* AlarmSoundAppUITests */,
				3EFCB59B242E998900172B73 /* Products */,
			);
			sourceTree = "<group>";
		};
		3EFCB59B242E998900172B73 /* Products */ = {
			isa = PBXGroup;
			children = (
				3EFCB59A242E998900172B73 /* AlarmSoundApp.app */,
				3EFCB5B0242E998D00172B73 /* AlarmSoundAppTests.xctest */,
				3EFCB5BB242E998E00172B73 /* AlarmSoundAppUITests.xctest */,
			);
			name = Products;
			sourceTree = "<group>";
		};
		3EFCB59C242E998900172B73 /* AlarmSoundApp */ = {
			isa = PBXGroup;
			children = (
				3EFCB6372430BEB600172B73 /* Resourses */,
				3EFCB59D242E998900172B73 /* AppDelegate.swift */,
				3EFCB59F242E998900172B73 /* SceneDelegate.swift */,
				3EFCB5A1242E998900172B73 /* ContentView.swift */,
				3EFCB5CD242F74F900172B73 /* MinutePickerView.swift */,
				3EFCB61F2430AC0200172B73 /* AlarmViewModel.swift */,
				3EFCB6232430B08B00172B73 /* SoundManager.swift */,
				3EFCB6402430ED2600172B73 /* PathManager.swift */,
				3EFCB6272430B39B00172B73 /* AudioPlayer.swift */,
				3EB1250824310F7C0010C93E /* RecordSettings.swift */,
				3EFCB62B2430B3A700172B73 /* AudioRecorder.swift */,
				3EB1250C24311E220010C93E /* StorageManager.swift */,
				3EFCB5A3242E998D00172B73 /* Assets.xcassets */,
				3EFCB5A8242E998D00172B73 /* LaunchScreen.storyboard */,
				3EFCB5AB242E998D00172B73 /* Info.plist */,
				3EFCB5A5242E998D00172B73 /* Preview Content */,
			);
			path = AlarmSoundApp;
			sourceTree = "<group>";
		};
		3EFCB5A5242E998D00172B73 /* Preview Content */ = {
			isa = PBXGroup;
			children = (
				3EFCB5A6242E998D00172B73 /* Preview Assets.xcassets */,
			);
			path = "Preview Content";
			sourceTree = "<group>";
		};
		3EFCB5B3242E998E00172B73 /* AlarmSoundAppTests */ = {
			isa = PBXGroup;
			children = (
				3EFCB5B4242E998E00172B73 /* AlarmSoundAppTests.swift */,
				3EFCB5B6242E998E00172B73 /* Info.plist */,
			);
			path = AlarmSoundAppTests;
			sourceTree = "<group>";
		};
		3EFCB5BE242E998E00172B73 /* AlarmSoundAppUITests */ = {
			isa = PBXGroup;
			children = (
				3EFCB5BF242E998E00172B73 /* AlarmSoundAppUITests.swift */,
				3EFCB5C1242E998E00172B73 /* Info.plist */,
			);
			path = AlarmSoundAppUITests;
			sourceTree = "<group>";
		};
		3EFCB6372430BEB600172B73 /* Resourses */ = {
			isa = PBXGroup;
			children = (
				3EFCB6382430BEED00172B73 /* alarm.m4a */,
				3EFCB6392430BEED00172B73 /* nature.m4a */,
			);
			path = Resourses;
			sourceTree = "<group>";
		};
/* End PBXGroup section */

/* Begin PBXNativeTarget section */
		3EFCB599242E998900172B73 /* AlarmSoundApp */ = {
			isa = PBXNativeTarget;
			buildConfigurationList = 3EFCB5C4242E998E00172B73 /* Build configuration list for PBXNativeTarget "AlarmSoundApp" */;
			buildPhases = (
				3EFCB596242E998900172B73 /* Sources */,
				3EFCB597242E998900172B73 /* Frameworks */,
				3EFCB598242E998900172B73 /* Resources */,
			);
			buildRules = (
			);
			dependencies = (
			);
			name = AlarmSoundApp;
			productName = AlarmSoundApp;
			productReference = 3EFCB59A242E998900172B73 /* AlarmSoundApp.app */;
			productType = "com.apple.product-type.application";
		};
		3EFCB5AF242E998D00172B73 /* AlarmSoundAppTests */ = {
			isa = PBXNativeTarget;
			buildConfigurationList = 3EFCB5C7242E998E00172B73 /* Build configuration list for PBXNativeTarget "AlarmSoundAppTests" */;
			buildPhases = (
				3EFCB5AC242E998D00172B73 /* Sources */,
				3EFCB5AD242E998D00172B73 /* Frameworks */,
				3EFCB5AE242E998D00172B73 /* Resources */,
			);
			buildRules = (
			);
			dependencies = (
				3EFCB5B2242E998D00172B73 /* PBXTargetDependency */,
			);
			name = AlarmSoundAppTests;
			productName = AlarmSoundAppTests;
			productReference = 3EFCB5B0242E998D00172B73 /* AlarmSoundAppTests.xctest */;
			productType = "com.apple.product-type.bundle.unit-test";
		};
		3EFCB5BA242E998E00172B73 /* AlarmSoundAppUITests */ = {
			isa = PBXNativeTarget;
			buildConfigurationList = 3EFCB5CA242E998E00172B73 /* Build configuration list for PBXNativeTarget "AlarmSoundAppUITests" */;
			buildPhases = (
				3EFCB5B7242E998E00172B73 /* Sources */,
				3EFCB5B8242E998E00172B73 /* Frameworks */,
				3EFCB5B9242E998E00172B73 /* Resources */,
			);
			buildRules = (
			);
			dependencies = (
				3EFCB5BD242E998E00172B73 /* PBXTargetDependency */,
			);
			name = AlarmSoundAppUITests;
			productName = AlarmSoundAppUITests;
			productReference = 3EFCB5BB242E998E00172B73 /* AlarmSoundAppUITests.xctest */;
			productType = "com.apple.product-type.bundle.ui-testing";
		};
/* End PBXNativeTarget section */

/* Begin PBXProject section */
		3EFCB592242E998900172B73 /* Project object */ = {
			isa = PBXProject;
			attributes = {
				KnownAssetTags = (
					New,
				);
				LastSwiftUpdateCheck = 1130;
				LastUpgradeCheck = 1130;
				ORGANIZATIONNAME = "Nik Cane";
				TargetAttributes = {
					3EFCB599242E998900172B73 = {
						CreatedOnToolsVersion = 11.3;
					};
					3EFCB5AF242E998D00172B73 = {
						CreatedOnToolsVersion = 11.3;
						TestTargetID = 3EFCB599242E998900172B73;
					};
					3EFCB5BA242E998E00172B73 = {
						CreatedOnToolsVersion = 11.3;
						TestTargetID = 3EFCB599242E998900172B73;
					};
				};
			};
			buildConfigurationList = 3EFCB595242E998900172B73 /* Build configuration list for PBXProject "AlarmSoundApp" */;
			compatibilityVersion = "Xcode 9.3";
			developmentRegion = en;
			hasScannedForEncodings = 0;
			knownRegions = (
				en,
				Base,
			);
			mainGroup = 3EFCB591242E998900172B73;
			productRefGroup = 3EFCB59B242E998900172B73 /* Products */;
			projectDirPath = "";
			projectRoot = "";
			targets = (
				3EFCB599242E998900172B73 /* AlarmSoundApp */,
				3EFCB5AF242E998D00172B73 /* AlarmSoundAppTests */,
				3EFCB5BA242E998E00172B73 /* AlarmSoundAppUITests */,
			);
		};
/* End PBXProject section */

/* Begin PBXResourcesBuildPhase section */
		3EFCB598242E998900172B73 /* Resources */ = {
			isa = PBXResourcesBuildPhase;
			buildActionMask = 2147483647;
			files = (
				3EFCB63D2430BEED00172B73 /* nature.m4a in Resources */,
				3EFCB5AA242E998D00172B73 /* LaunchScreen.storyboard in Resources */,
				3EFCB5A7242E998D00172B73 /* Preview Assets.xcassets in Resources */,
				3EFCB63A2430BEED00172B73 /* alarm.m4a in Resources */,
				3EFCB5A4242E998D00172B73 /* Assets.xcassets in Resources */,
			);
			runOnlyForDeploymentPostprocessing = 0;
		};
		3EFCB5AE242E998D00172B73 /* Resources */ = {
			isa = PBXResourcesBuildPhase;
			buildActionMask = 2147483647;
			files = (
				3EFCB63B2430BEED00172B73 /* alarm.m4a in Resources */,
				3EFCB63E2430BEED00172B73 /* nature.m4a in Resources */,
			);
			runOnlyForDeploymentPostprocessing = 0;
		};
		3EFCB5B9242E998E00172B73 /* Resources */ = {
			isa = PBXResourcesBuildPhase;
			buildActionMask = 2147483647;
			files = (
				3EFCB63C2430BEED00172B73 /* alarm.m4a in Resources */,
				3EFCB63F2430BEED00172B73 /* nature.m4a in Resources */,
			);
			runOnlyForDeploymentPostprocessing = 0;
		};
/* End PBXResourcesBuildPhase section */

/* Begin PBXSourcesBuildPhase section */
		3EFCB596242E998900172B73 /* Sources */ = {
			isa = PBXSourcesBuildPhase;
			buildActionMask = 2147483647;
			files = (
				3EFCB5CE242F74F900172B73 /* MinutePickerView.swift in Sources */,
				3EFCB59E242E998900172B73 /* AppDelegate.swift in Sources */,
				3EB1250D24311E220010C93E /* StorageManager.swift in Sources */,
				3EFCB5A0242E998900172B73 /* SceneDelegate.swift in Sources */,
				3EFCB5A2242E998900172B73 /* ContentView.swift in Sources */,
				3EFCB6202430AC0200172B73 /* AlarmViewModel.swift in Sources */,
				3EFCB6242430B08B00172B73 /* SoundManager.swift in Sources */,
				3EFCB6412430ED2700172B73 /* PathManager.swift in Sources */,
				3EFCB62C2430B3A700172B73 /* AudioRecorder.swift in Sources */,
				3EFCB6282430B39B00172B73 /* AudioPlayer.swift in Sources */,
				3EB1250924310F7C0010C93E /* RecordSettings.swift in Sources */,
			);
			runOnlyForDeploymentPostprocessing = 0;
		};
		3EFCB5AC242E998D00172B73 /* Sources */ = {
			isa = PBXSourcesBuildPhase;
			buildActionMask = 2147483647;
			files = (
				3EFCB62D2430B3A700172B73 /* AudioRecorder.swift in Sources */,
				3EFCB5CF242F74F900172B73 /* MinutePickerView.swift in Sources */,
				3EFCB6252430B08B00172B73 /* SoundManager.swift in Sources */,
				3EB1250E24311E220010C93E /* StorageManager.swift in Sources */,
				3EFCB6422430ED2700172B73 /* PathManager.swift in Sources */,
				3EFCB6292430B39B00172B73 /* AudioPlayer.swift in Sources */,
				3EFCB6212430AC0200172B73 /* AlarmViewModel.swift in Sources */,
				3EFCB5B5242E998E00172B73 /* AlarmSoundAppTests.swift in Sources */,
				3EB1250A24310F7C0010C93E /* RecordSettings.swift in Sources */,
			);
			runOnlyForDeploymentPostprocessing = 0;
		};
		3EFCB5B7242E998E00172B73 /* Sources */ = {
			isa = PBXSourcesBuildPhase;
			buildActionMask = 2147483647;
			files = (
				3EFCB62E2430B3A700172B73 /* AudioRecorder.swift in Sources */,
				3EFCB5D0242F74F900172B73 /* MinutePickerView.swift in Sources */,
				3EFCB6262430B08B00172B73 /* SoundManager.swift in Sources */,
				3EB1250F24311E220010C93E /* StorageManager.swift in Sources */,
				3EFCB6432430ED2700172B73 /* PathManager.swift in Sources */,
				3EFCB62A2430B39B00172B73 /* AudioPlayer.swift in Sources */,
				3EFCB6222430AC0200172B73 /* AlarmViewModel.swift in Sources */,
				3EFCB5C0242E998E00172B73 /* AlarmSoundAppUITests.swift in Sources */,
				3EB1250B24310F7C0010C93E /* RecordSettings.swift in Sources */,
			);
			runOnlyForDeploymentPostprocessing = 0;
		};
/* End PBXSourcesBuildPhase section */

/* Begin PBXTargetDependency section */
		3EFCB5B2242E998D00172B73 /* PBXTargetDependency */ = {
			isa = PBXTargetDependency;
			target = 3EFCB599242E998900172B73 /* AlarmSoundApp */;
			targetProxy = 3EFCB5B1242E998D00172B73 /* PBXContainerItemProxy */;
		};
		3EFCB5BD242E998E00172B73 /* PBXTargetDependency */ = {
			isa = PBXTargetDependency;
			target = 3EFCB599242E998900172B73 /* AlarmSoundApp */;
			targetProxy = 3EFCB5BC242E998E00172B73 /* PBXContainerItemProxy */;
		};
/* End PBXTargetDependency section */

/* Begin PBXVariantGroup section */
		3EFCB5A8242E998D00172B73 /* LaunchScreen.storyboard */ = {
			isa = PBXVariantGroup;
			children = (
				3EFCB5A9242E998D00172B73 /* Base */,
			);
			name = LaunchScreen.storyboard;
			sourceTree = "<group>";
		};
/* End PBXVariantGroup section */

/* Begin XCBuildConfiguration section */
		3EFCB5C2242E998E00172B73 /* Debug */ = {
			isa = XCBuildConfiguration;
			buildSettings = {
				ALWAYS_SEARCH_USER_PATHS = NO;
				CLANG_ANALYZER_NONNULL = YES;
				CLANG_ANALYZER_NUMBER_OBJECT_CONVERSION = YES_AGGRESSIVE;
				CLANG_CXX_LANGUAGE_STANDARD = "gnu++14";
				CLANG_CXX_LIBRARY = "libc++";
				CLANG_ENABLE_MODULES = YES;
				CLANG_ENABLE_OBJC_ARC = YES;
				CLANG_ENABLE_OBJC_WEAK = YES;
				CLANG_WARN_BLOCK_CAPTURE_AUTORELEASING = YES;
				CLANG_WARN_BOOL_CONVERSION = YES;
				CLANG_WARN_COMMA = YES;
				CLANG_WARN_CONSTANT_CONVERSION = YES;
				CLANG_WARN_DEPRECATED_OBJC_IMPLEMENTATIONS = YES;
				CLANG_WARN_DIRECT_OBJC_ISA_USAGE = YES_ERROR;
				CLANG_WARN_DOCUMENTATION_COMMENTS = YES;
				CLANG_WARN_EMPTY_BODY = YES;
				CLANG_WARN_ENUM_CONVERSION = YES;
				CLANG_WARN_INFINITE_RECURSION = YES;
				CLANG_WARN_INT_CONVERSION = YES;
				CLANG_WARN_NON_LITERAL_NULL_CONVERSION = YES;
				CLANG_WARN_OBJC_IMPLICIT_RETAIN_SELF = YES;
				CLANG_WARN_OBJC_LITERAL_CONVERSION = YES;
				CLANG_WARN_OBJC_ROOT_CLASS = YES_ERROR;
				CLANG_WARN_RANGE_LOOP_ANALYSIS = YES;
				CLANG_WARN_STRICT_PROTOTYPES = YES;
				CLANG_WARN_SUSPICIOUS_MOVE = YES;
				CLANG_WARN_UNGUARDED_AVAILABILITY = YES_AGGRESSIVE;
				CLANG_WARN_UNREACHABLE_CODE = YES;
				CLANG_WARN__DUPLICATE_METHOD_MATCH = YES;
				COPY_PHASE_STRIP = NO;
				DEBUG_INFORMATION_FORMAT = dwarf;
				ENABLE_STRICT_OBJC_MSGSEND = YES;
				ENABLE_TESTABILITY = YES;
				GCC_C_LANGUAGE_STANDARD = gnu11;
				GCC_DYNAMIC_NO_PIC = NO;
				GCC_NO_COMMON_BLOCKS = YES;
				GCC_OPTIMIZATION_LEVEL = 0;
				GCC_PREPROCESSOR_DEFINITIONS = (
					"DEBUG=1",
					"$(inherited)",
				);
				GCC_WARN_64_TO_32_BIT_CONVERSION = YES;
				GCC_WARN_ABOUT_RETURN_TYPE = YES_ERROR;
				GCC_WARN_UNDECLARED_SELECTOR = YES;
				GCC_WARN_UNINITIALIZED_AUTOS = YES_AGGRESSIVE;
				GCC_WARN_UNUSED_FUNCTION = YES;
				GCC_WARN_UNUSED_VARIABLE = YES;
				IPHONEOS_DEPLOYMENT_TARGET = 13.2;
				MTL_ENABLE_DEBUG_INFO = INCLUDE_SOURCE;
				MTL_FAST_MATH = YES;
				ONLY_ACTIVE_ARCH = YES;
				SDKROOT = iphoneos;
				SWIFT_ACTIVE_COMPILATION_CONDITIONS = DEBUG;
				SWIFT_OPTIMIZATION_LEVEL = "-Onone";
			};
			name = Debug;
		};
		3EFCB5C3242E998E00172B73 /* Release */ = {
			isa = XCBuildConfiguration;
			buildSettings = {
				ALWAYS_SEARCH_USER_PATHS = NO;
				CLANG_ANALYZER_NONNULL = YES;
				CLANG_ANALYZER_NUMBER_OBJECT_CONVERSION = YES_AGGRESSIVE;
				CLANG_CXX_LANGUAGE_STANDARD = "gnu++14";
				CLANG_CXX_LIBRARY = "libc++";
				CLANG_ENABLE_MODULES = YES;
				CLANG_ENABLE_OBJC_ARC = YES;
				CLANG_ENABLE_OBJC_WEAK = YES;
				CLANG_WARN_BLOCK_CAPTURE_AUTORELEASING = YES;
				CLANG_WARN_BOOL_CONVERSION = YES;
				CLANG_WARN_COMMA = YES;
				CLANG_WARN_CONSTANT_CONVERSION = YES;
				CLANG_WARN_DEPRECATED_OBJC_IMPLEMENTATIONS = YES;
				CLANG_WARN_DIRECT_OBJC_ISA_USAGE = YES_ERROR;
				CLANG_WARN_DOCUMENTATION_COMMENTS = YES;
				CLANG_WARN_EMPTY_BODY = YES;
				CLANG_WARN_ENUM_CONVERSION = YES;
				CLANG_WARN_INFINITE_RECURSION = YES;
				CLANG_WARN_INT_CONVERSION = YES;
				CLANG_WARN_NON_LITERAL_NULL_CONVERSION = YES;
				CLANG_WARN_OBJC_IMPLICIT_RETAIN_SELF = YES;
				CLANG_WARN_OBJC_LITERAL_CONVERSION = YES;
				CLANG_WARN_OBJC_ROOT_CLASS = YES_ERROR;
				CLANG_WARN_RANGE_LOOP_ANALYSIS = YES;
				CLANG_WARN_STRICT_PROTOTYPES = YES;
				CLANG_WARN_SUSPICIOUS_MOVE = YES;
				CLANG_WARN_UNGUARDED_AVAILABILITY = YES_AGGRESSIVE;
				CLANG_WARN_UNREACHABLE_CODE = YES;
				CLANG_WARN__DUPLICATE_METHOD_MATCH = YES;
				COPY_PHASE_STRIP = NO;
				DEBUG_INFORMATION_FORMAT = "dwarf-with-dsym";
				ENABLE_NS_ASSERTIONS = NO;
				ENABLE_STRICT_OBJC_MSGSEND = YES;
				GCC_C_LANGUAGE_STANDARD = gnu11;
				GCC_NO_COMMON_BLOCKS = YES;
				GCC_WARN_64_TO_32_BIT_CONVERSION = YES;
				GCC_WARN_ABOUT_RETURN_TYPE = YES_ERROR;
				GCC_WARN_UNDECLARED_SELECTOR = YES;
				GCC_WARN_UNINITIALIZED_AUTOS = YES_AGGRESSIVE;
				GCC_WARN_UNUSED_FUNCTION = YES;
				GCC_WARN_UNUSED_VARIABLE = YES;
				IPHONEOS_DEPLOYMENT_TARGET = 13.2;
				MTL_ENABLE_DEBUG_INFO = NO;
				MTL_FAST_MATH = YES;
				SDKROOT = iphoneos;
				SWIFT_COMPILATION_MODE = wholemodule;
				SWIFT_OPTIMIZATION_LEVEL = "-O";
				VALIDATE_PRODUCT = YES;
			};
			name = Release;
		};
		3EFCB5C5242E998E00172B73 /* Debug */ = {
			isa = XCBuildConfiguration;
			buildSettings = {
				ASSETCATALOG_COMPILER_APPICON_NAME = AppIcon;
				CODE_SIGN_STYLE = Automatic;
				DEVELOPMENT_ASSET_PATHS = "\"AlarmSoundApp/Preview Content\"";
				DEVELOPMENT_TEAM = M34W9ZSE82;
				ENABLE_PREVIEWS = YES;
				INFOPLIST_FILE = AlarmSoundApp/Info.plist;
				LD_RUNPATH_SEARCH_PATHS = (
					"$(inherited)",
					"@executable_path/Frameworks",
				);
				PRODUCT_BUNDLE_IDENTIFIER = com.carantine.dev.production.AlarmSoundApp;
				PRODUCT_NAME = "$(TARGET_NAME)";
				SWIFT_VERSION = 5.0;
				TARGETED_DEVICE_FAMILY = "1,2";
			};
			name = Debug;
		};
		3EFCB5C6242E998E00172B73 /* Release */ = {
			isa = XCBuildConfiguration;
			buildSettings = {
				ASSETCATALOG_COMPILER_APPICON_NAME = AppIcon;
				CODE_SIGN_STYLE = Automatic;
				DEVELOPMENT_ASSET_PATHS = "\"AlarmSoundApp/Preview Content\"";
				DEVELOPMENT_TEAM = M34W9ZSE82;
				ENABLE_PREVIEWS = YES;
				INFOPLIST_FILE = AlarmSoundApp/Info.plist;
				LD_RUNPATH_SEARCH_PATHS = (
					"$(inherited)",
					"@executable_path/Frameworks",
				);
				PRODUCT_BUNDLE_IDENTIFIER = com.carantine.dev.production.AlarmSoundApp;
				PRODUCT_NAME = "$(TARGET_NAME)";
				SWIFT_VERSION = 5.0;
				TARGETED_DEVICE_FAMILY = "1,2";
			};
			name = Release;
		};
		3EFCB5C8242E998E00172B73 /* Debug */ = {
			isa = XCBuildConfiguration;
			buildSettings = {
				ALWAYS_EMBED_SWIFT_STANDARD_LIBRARIES = YES;
				BUNDLE_LOADER = "$(TEST_HOST)";
				CODE_SIGN_STYLE = Automatic;
				DEVELOPMENT_TEAM = M34W9ZSE82;
				INFOPLIST_FILE = AlarmSoundAppTests/Info.plist;
				IPHONEOS_DEPLOYMENT_TARGET = 13.2;
				LD_RUNPATH_SEARCH_PATHS = (
					"$(inherited)",
					"@executable_path/Frameworks",
					"@loader_path/Frameworks",
				);
				PRODUCT_BUNDLE_IDENTIFIER = com.carantine.dev.production.AlarmSoundAppTests;
				PRODUCT_NAME = "$(TARGET_NAME)";
				SWIFT_VERSION = 5.0;
				TARGETED_DEVICE_FAMILY = "1,2";
				TEST_HOST = "$(BUILT_PRODUCTS_DIR)/AlarmSoundApp.app/AlarmSoundApp";
			};
			name = Debug;
		};
		3EFCB5C9242E998E00172B73 /* Release */ = {
			isa = XCBuildConfiguration;
			buildSettings = {
				ALWAYS_EMBED_SWIFT_STANDARD_LIBRARIES = YES;
				BUNDLE_LOADER = "$(TEST_HOST)";
				CODE_SIGN_STYLE = Automatic;
				DEVELOPMENT_TEAM = M34W9ZSE82;
				INFOPLIST_FILE = AlarmSoundAppTests/Info.plist;
				IPHONEOS_DEPLOYMENT_TARGET = 13.2;
				LD_RUNPATH_SEARCH_PATHS = (
					"$(inherited)",
					"@executable_path/Frameworks",
					"@loader_path/Frameworks",
				);
				PRODUCT_BUNDLE_IDENTIFIER = com.carantine.dev.production.AlarmSoundAppTests;
				PRODUCT_NAME = "$(TARGET_NAME)";
				SWIFT_VERSION = 5.0;
				TARGETED_DEVICE_FAMILY = "1,2";
				TEST_HOST = "$(BUILT_PRODUCTS_DIR)/AlarmSoundApp.app/AlarmSoundApp";
			};
			name = Release;
		};
		3EFCB5CB242E998E00172B73 /* Debug */ = {
			isa = XCBuildConfiguration;
			buildSettings = {
				ALWAYS_EMBED_SWIFT_STANDARD_LIBRARIES = YES;
				CODE_SIGN_STYLE = Automatic;
				DEVELOPMENT_TEAM = M34W9ZSE82;
				INFOPLIST_FILE = AlarmSoundAppUITests/Info.plist;
				LD_RUNPATH_SEARCH_PATHS = (
					"$(inherited)",
					"@executable_path/Frameworks",
					"@loader_path/Frameworks",
				);
				PRODUCT_BUNDLE_IDENTIFIER = com.carantine.dev.production.AlarmSoundAppUITests;
				PRODUCT_NAME = "$(TARGET_NAME)";
				SWIFT_VERSION = 5.0;
				TARGETED_DEVICE_FAMILY = "1,2";
				TEST_TARGET_NAME = AlarmSoundApp;
			};
			name = Debug;
		};
		3EFCB5CC242E998E00172B73 /* Release */ = {
			isa = XCBuildConfiguration;
			buildSettings = {
				ALWAYS_EMBED_SWIFT_STANDARD_LIBRARIES = YES;
				CODE_SIGN_STYLE = Automatic;
				DEVELOPMENT_TEAM = M34W9ZSE82;
				INFOPLIST_FILE = AlarmSoundAppUITests/Info.plist;
				LD_RUNPATH_SEARCH_PATHS = (
					"$(inherited)",
					"@executable_path/Frameworks",
					"@loader_path/Frameworks",
				);
				PRODUCT_BUNDLE_IDENTIFIER = com.carantine.dev.production.AlarmSoundAppUITests;
				PRODUCT_NAME = "$(TARGET_NAME)";
				SWIFT_VERSION = 5.0;
				TARGETED_DEVICE_FAMILY = "1,2";
				TEST_TARGET_NAME = AlarmSoundApp;
			};
			name = Release;
		};
/* End XCBuildConfiguration section */

/* Begin XCConfigurationList section */
		3EFCB595242E998900172B73 /* Build configuration list for PBXProject "AlarmSoundApp" */ = {
			isa = XCConfigurationList;
			buildConfigurations = (
				3EFCB5C2242E998E00172B73 /* Debug */,
				3EFCB5C3242E998E00172B73 /* Release */,
			);
			defaultConfigurationIsVisible = 0;
			defaultConfigurationName = Release;
		};
		3EFCB5C4242E998E00172B73 /* Build configuration list for PBXNativeTarget "AlarmSoundApp" */ = {
			isa = XCConfigurationList;
			buildConfigurations = (
				3EFCB5C5242E998E00172B73 /* Debug */,
				3EFCB5C6242E998E00172B73 /* Release */,
			);
			defaultConfigurationIsVisible = 0;
			defaultConfigurationName = Release;
		};
		3EFCB5C7242E998E00172B73 /* Build configuration list for PBXNativeTarget "AlarmSoundAppTests" */ = {
			isa = XCConfigurationList;
			buildConfigurations = (
				3EFCB5C8242E998E00172B73 /* Debug */,
				3EFCB5C9242E998E00172B73 /* Release */,
			);
			defaultConfigurationIsVisible = 0;
			defaultConfigurationName = Release;
		};
		3EFCB5CA242E998E00172B73 /* Build configuration list for PBXNativeTarget "AlarmSoundAppUITests" */ = {
			isa = XCConfigurationList;
			buildConfigurations = (
				3EFCB5CB242E998E00172B73 /* Debug */,
				3EFCB5CC242E998E00172B73 /* Release */,
			);
			defaultConfigurationIsVisible = 0;
			defaultConfigurationName = Release;
		};
/* End XCConfigurationList section */
	};
	rootObject = 3EFCB592242E998900172B73 /* Project object */;
}
